
Microsoft Visual Studio Solution File, Format Version 12.00
# Visual Studio Version 17
VisualStudioVersion = 17.8.34408.163
MinimumVisualStudioVersion = 10.0.40219.1
Project("{FAE04EC0-301F-11D3-BF4B-00C04F79EFBC}") = "DeploymentApp", "DeploymentApp\DeploymentApp.csproj", "{9AFCCF2C-156B-4597-BC34-7CDBE9B48325}"
EndProject
Global
	GlobalSection(SolutionConfigurationPlatforms) = preSolution
		Debug|Any CPU = Debug|Any CPU
		Release|Any CPU = Release|Any CPU
	EndGlobalSection
	GlobalSection(ProjectConfigurationPlatforms) = postSolution
		{9AFCCF2C-156B-4597-BC34-7CDBE9B48325}.Debug|Any CPU.ActiveCfg = Debug|Any CPU
		{9AFCCF2C-156B-4597-BC34-7CDBE9B48325}.Debug|Any CPU.Build.0 = Debug|Any CPU
		{9AFCCF2C-156B-4597-BC34-7CDBE9B48325}.Release|Any CPU.ActiveCfg = Release|Any CPU
		{9AFCCF2C-156B-4597-BC34-7CDBE9B48325}.Release|Any CPU.Build.0 = Release|Any CPU
	EndGlobalSection
	GlobalSection(SolutionProperties) = preSolution
		HideSolutionNode = FALSE
	EndGlobalSection
	GlobalSection(ExtensibilityGlobals) = postSolution
		SolutionGuid = {9DEDB847-3E43-4959-8A4E-61BB3F78B3C9}
	EndGlobalSection
EndGlobal
